
Microsoft Visual Studio Solution File, Format Version 12.00
# Visual Studio Version 17
VisualStudioVersion = 17.9.34728.123
MinimumVisualStudioVersion = 10.0.40219.1
Project("{FAE04EC0-301F-11D3-BF4B-00C04F79EFBC}") = "Ex01_01", "Ex01_01\Ex01_01.csproj", "{E93D9049-7323-4B65-A714-5ED16844BD23}"
EndProject
Project("{FAE04EC0-301F-11D3-BF4B-00C04F79EFBC}") = "Ex01_02", "Ex01_02\Ex01_02.csproj", "{11F48473-0070-4A46-89F9-6D37C6DF7530}"
EndProject
Project("{FAE04EC0-301F-11D3-BF4B-00C04F79EFBC}") = "Ex01_03", "Ex01_03\Ex01_03.csproj", "{E9813569-F7C8-41B8-B501-4A17665EFCE2}"
EndProject
Project("{FAE04EC0-301F-11D3-BF4B-00C04F79EFBC}") = "Ex01_04", "Ex01_04\Ex01_04.csproj", "{ED3A522A-219C-41F0-9E63-8E6B5EE2A9B9}"
EndProject
Project("{FAE04EC0-301F-11D3-BF4B-00C04F79EFBC}") = "Ex01_05", "Ex01_05\Ex01_05.csproj", "{3D6CF53A-3A1B-4156-9BB1-96BEFCC97139}"
EndProject
Global
	GlobalSection(SolutionConfigurationPlatforms) = preSolution
		Debug|Any CPU = Debug|Any CPU
		Release|Any CPU = Release|Any CPU
	EndGlobalSection
	GlobalSection(ProjectConfigurationPlatforms) = postSolution
		{E93D9049-7323-4B65-A714-5ED16844BD23}.Debug|Any CPU.ActiveCfg = Debug|Any CPU
		{E93D9049-7323-4B65-A714-5ED16844BD23}.Debug|Any CPU.Build.0 = Debug|Any CPU
		{E93D9049-7323-4B65-A714-5ED16844BD23}.Release|Any CPU.ActiveCfg = Release|Any CPU
		{E93D9049-7323-4B65-A714-5ED16844BD23}.Release|Any CPU.Build.0 = Release|Any CPU
		{11F48473-0070-4A46-89F9-6D37C6DF7530}.Debug|Any CPU.ActiveCfg = Debug|Any CPU
		{11F48473-0070-4A46-89F9-6D37C6DF7530}.Debug|Any CPU.Build.0 = Debug|Any CPU
		{11F48473-0070-4A46-89F9-6D37C6DF7530}.Release|Any CPU.ActiveCfg = Release|Any CPU
		{11F48473-0070-4A46-89F9-6D37C6DF7530}.Release|Any CPU.Build.0 = Release|Any CPU
		{E9813569-F7C8-41B8-B501-4A17665EFCE2}.Debug|Any CPU.ActiveCfg = Debug|Any CPU
		{E9813569-F7C8-41B8-B501-4A17665EFCE2}.Debug|Any CPU.Build.0 = Debug|Any CPU
		{E9813569-F7C8-41B8-B501-4A17665EFCE2}.Release|Any CPU.ActiveCfg = Release|Any CPU
		{E9813569-F7C8-41B8-B501-4A17665EFCE2}.Release|Any CPU.Build.0 = Release|Any CPU
		{ED3A522A-219C-41F0-9E63-8E6B5EE2A9B9}.Debug|Any CPU.ActiveCfg = Debug|Any CPU
		{ED3A522A-219C-41F0-9E63-8E6B5EE2A9B9}.Debug|Any CPU.Build.0 = Debug|Any CPU
		{ED3A522A-219C-41F0-9E63-8E6B5EE2A9B9}.Release|Any CPU.ActiveCfg = Release|Any CPU
		{ED3A522A-219C-41F0-9E63-8E6B5EE2A9B9}.Release|Any CPU.Build.0 = Release|Any CPU
		{3D6CF53A-3A1B-4156-9BB1-96BEFCC97139}.Debug|Any CPU.ActiveCfg = Debug|Any CPU
		{3D6CF53A-3A1B-4156-9BB1-96BEFCC97139}.Debug|Any CPU.Build.0 = Debug|Any CPU
		{3D6CF53A-3A1B-4156-9BB1-96BEFCC97139}.Release|Any CPU.ActiveCfg = Release|Any CPU
		{3D6CF53A-3A1B-4156-9BB1-96BEFCC97139}.Release|Any CPU.Build.0 = Release|Any CPU
	EndGlobalSection
	GlobalSection(SolutionProperties) = preSolution
		HideSolutionNode = FALSE
	EndGlobalSection
	GlobalSection(ExtensibilityGlobals) = postSolution
		SolutionGuid = {6ED471D3-0DBF-4270-B9FA-EBD225553106}
	EndGlobalSection
EndGlobal
